lockfileVersion: 5.4

specifiers:
  '@types/node': ^20.7.0
  '@types/react': ^18.2.23
  '@types/react-dom': ^18.2.8
  next: ^13.5.3
  react: ^18.2.0
  react-dom: ^18.2.0
  typescript: ^5.2.2

dependencies:
  next: registry.npmmirror.com/next/13.5.3_biqbaboplfbrettd7655fr4n2y
  react: registry.npmmirror.com/react/18.2.0
  react-dom: registry.npmmirror.com/react-dom/18.2.0_react@18.2.0

devDependencies:
  '@types/node': registry.npmmirror.com/@types/node/20.7.0
  '@types/react': registry.npmmirror.com/@types/react/18.2.23
  '@types/react-dom': registry.npmmirror.com/@types/react-dom/18.2.8
  typescript: registry.npmmirror.com/typescript/5.2.2

packages:

  registry.npmmirror.com/@next/env/13.5.3:
    resolution: {integrity: sha512-X4te86vsbjsB7iO4usY9jLPtZ827Mbx+WcwNBGUOIuswuTAKQtzsuoxc/6KLxCMvogKG795MhrR1LDhYgDvasg==, registry: https://registry.npm.taobao.org/, tarball: https://registry.npmmirror.com/@next/env/-/env-13.5.3.tgz}
    name: '@next/env'
    version: 13.5.3
    dev: false

  registry.npmmirror.com/@next/swc-darwin-arm64/13.5.3:
    resolution: {integrity: sha512-6hiYNJxJmyYvvKGrVThzo4nTcqvqUTA/JvKim7Auaj33NexDqSNwN5YrrQu+QhZJCIpv2tULSHt+lf+rUflLSw==, registry: https://registry.npm.taobao.org/, tarball: https://registry.npmmirror.com/@next/swc-darwin-arm64/-/swc-darwin-arm64-13.5.3.tgz}
    name: '@next/swc-darwin-arm64'
    version: 13.5.3
    engines: {node: '>= 10'}
    cpu: [arm64]
    os: [darwin]
    requiresBuild: true
    dev: false
    optional: true

  registry.npmmirror.com/@next/swc-darwin-x64/13.5.3:
    resolution: {integrity: sha512-UpBKxu2ob9scbpJyEq/xPgpdrgBgN3aLYlxyGqlYX5/KnwpJpFuIHU2lx8upQQ7L+MEmz+fA1XSgesoK92ppwQ==, registry: https://registry.npm.taobao.org/, tarball: https://registry.npmmirror.com/@next/swc-darwin-x64/-/swc-darwin-x64-13.5.3.tgz}
    name: '@next/swc-darwin-x64'
    version: 13.5.3
    engines: {node: '>= 10'}
    cpu: [x64]
    os: [darwin]
    requiresBuild: true
    dev: false
    optional: true

  registry.npmmirror.com/@next/swc-linux-arm64-gnu/13.5.3:
    resolution: {integrity: sha512-5AzM7Yx1Ky+oLY6pHs7tjONTF22JirDPd5Jw/3/NazJ73uGB05NqhGhB4SbeCchg7SlVYVBeRMrMSZwJwq/xoA==, registry: https://registry.npm.taobao.org/, tarball: https://registry.npmmirror.com/@next/swc-linux-arm64-gnu/-/swc-linux-arm64-gnu-13.5.3.tgz}
    name: '@next/swc-linux-arm64-gnu'
    version: 13.5.3
    engines: {node: '>= 10'}
    cpu: [arm64]
    os: [linux]
    libc: [glibc]
    requiresBuild: true
    dev: false
    optional: true

  registry.npmmirror.com/@next/swc-linux-arm64-musl/13.5.3:
    resolution: {integrity: sha512-A/C1shbyUhj7wRtokmn73eBksjTM7fFQoY2v/0rTM5wehpkjQRLOXI8WJsag2uLhnZ4ii5OzR1rFPwoD9cvOgA==, registry: https://registry.npm.taobao.org/, tarball: https://registry.npmmirror.com/@next/swc-linux-arm64-musl/-/swc-linux-arm64-musl-13.5.3.tgz}
    name: '@next/swc-linux-arm64-musl'
    version: 13.5.3
    engines: {node: '>= 10'}
    cpu: [arm64]
    os: [linux]
    libc: [musl]
    requiresBuild: true
    dev: false
    optional: true

  registry.npmmirror.com/@next/swc-linux-x64-gnu/13.5.3:
    resolution: {integrity: sha512-FubPuw/Boz8tKkk+5eOuDHOpk36F80rbgxlx4+xty/U71e3wZZxVYHfZXmf0IRToBn1Crb8WvLM9OYj/Ur815g==, registry: https://registry.npm.taobao.org/, tarball: https://registry.npmmirror.com/@next/swc-linux-x64-gnu/-/swc-linux-x64-gnu-13.5.3.tgz}
    name: '@next/swc-linux-x64-gnu'
    version: 13.5.3
    engines: {node: '>= 10'}
    cpu: [x64]
    os: [linux]
    libc: [glibc]
    requiresBuild: true
    dev: false
    optional: true

  registry.npmmirror.com/@next/swc-linux-x64-musl/13.5.3:
    resolution: {integrity: sha512-DPw8nFuM1uEpbX47tM3wiXIR0Qa+atSzs9Q3peY1urkhofx44o7E1svnq+a5Q0r8lAcssLrwiM+OyJJgV/oj7g==, registry: https://registry.npm.taobao.org/, tarball: https://registry.npmmirror.com/@next/swc-linux-x64-musl/-/swc-linux-x64-musl-13.5.3.tgz}
    name: '@next/swc-linux-x64-musl'
    version: 13.5.3
    engines: {node: '>= 10'}
    cpu: [x64]
    os: [linux]
    libc: [musl]
    requiresBuild: true
    dev: false
    optional: true

  registry.npmmirror.com/@next/swc-win32-arm64-msvc/13.5.3:
    resolution: {integrity: sha512-zBPSP8cHL51Gub/YV8UUePW7AVGukp2D8JU93IHbVDu2qmhFAn9LWXiOOLKplZQKxnIPUkJTQAJDCWBWU4UWUA==, registry: https://registry.npm.taobao.org/, tarball: https://registry.npmmirror.com/@next/swc-win32-arm64-msvc/-/swc-win32-arm64-msvc-13.5.3.tgz}
    name: '@next/swc-win32-arm64-msvc'
    version: 13.5.3
    engines: {node: '>= 10'}
    cpu: [arm64]
    os: [win32]
    requiresBuild: true
    dev: false
    optional: true

  registry.npmmirror.com/@next/swc-win32-ia32-msvc/13.5.3:
    resolution: {integrity: sha512-ONcL/lYyGUj4W37D4I2I450SZtSenmFAvapkJQNIJhrPMhzDU/AdfLkW98NvH1D2+7FXwe7yclf3+B7v28uzBQ==, registry: https://registry.npm.taobao.org/, tarball: https://registry.npmmirror.com/@next/swc-win32-ia32-msvc/-/swc-win32-ia32-msvc-13.5.3.tgz}
    name: '@next/swc-win32-ia32-msvc'
    version: 13.5.3
    engines: {node: '>= 10'}
    cpu: [ia32]
    os: [win32]
    requiresBuild: true
    dev: false
    optional: true

  registry.npmmirror.com/@next/swc-win32-x64-msvc/13.5.3:
    resolution: {integrity: sha512-2Vz2tYWaLqJvLcWbbTlJ5k9AN6JD7a5CN2pAeIzpbecK8ZF/yobA39cXtv6e+Z8c5UJuVOmaTldEAIxvsIux/Q==, registry: https://registry.npm.taobao.org/, tarball: https://registry.npmmirror.com/@next/swc-win32-x64-msvc/-/swc-win32-x64-msvc-13.5.3.tgz}
    name: '@next/swc-win32-x64-msvc'
    version: 13.5.3
    engines: {node: '>= 10'}
    cpu: [x64]
    os: [win32]
    requiresBuild: true
    dev: false
    optional: true

  registry.npmmirror.com/@swc/helpers/0.5.2:
    resolution: {integrity: sha512-E4KcWTpoLHqwPHLxidpOqQbcrZVgi0rsmmZXUle1jXmJfuIf/UWpczUJ7MZZ5tlxytgJXyp0w4PGkkeLiuIdZw==, registry: https://registry.npm.taobao.org/, tarball: https://registry.npmmirror.com/@swc/helpers/-/helpers-0.5.2.tgz}
    name: '@swc/helpers'
    version: 0.5.2
    dependencies:
      tslib: registry.npmmirror.com/tslib/2.6.2
    dev: false

  registry.npmmirror.com/@types/node/20.7.0:
    resolution: {integrity: sha512-zI22/pJW2wUZOVyguFaUL1HABdmSVxpXrzIqkjsHmyUjNhPoWM1CKfvVuXfetHhIok4RY573cqS0mZ1SJEnoTg==, registry: https://registry.npm.taobao.org/, tarball: https://registry.npmmirror.com/@types/node/-/node-20.7.0.tgz}
    name: '@types/node'
    version: 20.7.0
    dev: true

  registry.npmmirror.com/@types/prop-types/15.7.7:
    resolution: {integrity: sha512-FbtmBWCcSa2J4zL781Zf1p5YUBXQomPEcep9QZCfRfQgTxz3pJWiDFLebohZ9fFntX5ibzOkSsrJ0TEew8cAog==, registry: https://registry.npm.taobao.org/, tarball: https://registry.npmmirror.com/@types/prop-types/-/prop-types-15.7.7.tgz}
    name: '@types/prop-types'
    version: 15.7.7
    dev: true

  registry.npmmirror.com/@types/react-dom/18.2.8:
    resolution: {integrity: sha512-bAIvO5lN/U8sPGvs1Xm61rlRHHaq5rp5N3kp9C+NJ/Q41P8iqjkXSu0+/qu8POsjH9pNWb0OYabFez7taP7omw==, registry: https://registry.npm.taobao.org/, tarball: https://registry.npmmirror.com/@types/react-dom/-/react-dom-18.2.8.tgz}
    name: '@types/react-dom'
    version: 18.2.8
    dependencies:
      '@types/react': registry.npmmirror.com/@types/react/18.2.23
    dev: true

  registry.npmmirror.com/@types/react/18.2.23:
    resolution: {integrity: sha512-qHLW6n1q2+7KyBEYnrZpcsAmU/iiCh9WGCKgXvMxx89+TYdJWRjZohVIo9XTcoLhfX3+/hP0Pbulu3bCZQ9PSA==, registry: https://registry.npm.taobao.org/, tarball: https://registry.npmmirror.com/@types/react/-/react-18.2.23.tgz}
    name: '@types/react'
    version: 18.2.23
    dependencies:
      '@types/prop-types': registry.npmmirror.com/@types/prop-types/15.7.7
      '@types/scheduler': registry.npmmirror.com/@types/scheduler/0.16.4
      csstype: registry.npmmirror.com/csstype/3.1.2
    dev: true

  registry.npmmirror.com/@types/scheduler/0.16.4:
    resolution: {integrity: sha512-2L9ifAGl7wmXwP4v3pN4p2FLhD0O1qsJpvKmNin5VA8+UvNVb447UDaAEV6UdrkA+m/Xs58U1RFps44x6TFsVQ==, registry: https://registry.npm.taobao.org/, tarball: https://registry.npmmirror.com/@types/scheduler/-/scheduler-0.16.4.tgz}
    name: '@types/scheduler'
    version: 0.16.4
    dev: true

  registry.npmmirror.com/busboy/1.6.0:
    resolution: {integrity: sha512-8SFQbg/0hQ9xy3UNTB0YEnsNBbWfhf7RtnzpL7TkBiTBRfrQ9Fxcnz7VJsleJpyp6rVLvXiuORqjlHi5q+PYuA==, registry: https://registry.npm.taobao.org/, tarball: https://registry.npmmirror.com/busboy/-/busboy-1.6.0.tgz}
    name: busboy
    version: 1.6.0
    engines: {node: '>=10.16.0'}
    dependencies:
      streamsearch: registry.npmmirror.com/streamsearch/1.1.0
    dev: false

  registry.npmmirror.com/caniuse-lite/1.0.30001540:
    resolution: {integrity: sha512-9JL38jscuTJBTcuETxm8QLsFr/F6v0CYYTEU6r5+qSM98P2Q0Hmu0eG1dTG5GBUmywU3UlcVOUSIJYY47rdFSw==, registry: https://registry.npm.taobao.org/, tarball: https://registry.npmmirror.com/caniuse-lite/-/caniuse-lite-1.0.30001540.tgz}
    name: caniuse-lite
    version: 1.0.30001540
    dev: false

  registry.npmmirror.com/client-only/0.0.1:
    resolution: {integrity: sha512-IV3Ou0jSMzZrd3pZ48nLkT9DA7Ag1pnPzaiQhpW7c3RbcqqzvzzVu+L8gfqMp/8IM2MQtSiqaCxrrcfu8I8rMA==, registry: https://registry.npm.taobao.org/, tarball: https://registry.npmmirror.com/client-only/-/client-only-0.0.1.tgz}
    name: client-only
    version: 0.0.1
    dev: false

  registry.npmmirror.com/csstype/3.1.2:
    resolution: {integrity: sha512-I7K1Uu0MBPzaFKg4nI5Q7Vs2t+3gWWW648spaF+Rg7pI9ds18Ugn+lvg4SHczUdKlHI5LWBXyqfS8+DufyBsgQ==, registry: https://registry.npm.taobao.org/, tarball: https://registry.npmmirror.com/csstype/-/csstype-3.1.2.tgz}
    name: csstype
    version: 3.1.2
    dev: true

  registry.npmmirror.com/glob-to-regexp/0.4.1:
    resolution: {integrity: sha512-lkX1HJXwyMcprw/5YUZc2s7DrpAiHB21/V+E1rHUrVNokkvB6bqMzT0VfV6/86ZNabt1k14YOIaT7nDvOX3Iiw==, registry: https://registry.npm.taobao.org/, tarball: https://registry.npmmirror.com/glob-to-regexp/-/glob-to-regexp-0.4.1.tgz}
    name: glob-to-regexp
    version: 0.4.1
    dev: false

  registry.npmmirror.com/graceful-fs/4.2.11:
    resolution: {integrity: sha512-RbJ5/jmFcNNCcDV5o9eTnBLJ/HszWV0P73bc+Ff4nS/rJj+YaS6IGyiOL0VoBYX+l1Wrl3k63h/KrH+nhJ0XvQ==, registry: https://registry.npm.taobao.org/, tarball: https://registry.npmmirror.com/graceful-fs/-/graceful-fs-4.2.11.tgz}
    name: graceful-fs
    version: 4.2.11
    dev: false

  registry.npmmirror.com/js-tokens/4.0.0:
    resolution: {integrity: sha512-RdJUflcE3cUzKiMqQgsCu06FPu9UdIJO0beYbPhHN4k6apgJtifcoCtT9bcxOpYBtpD2kCM6Sbzg4CausW/PKQ==, registry: https://registry.npm.taobao.org/, tarball: https://registry.npmmirror.com/js-tokens/-/js-tokens-4.0.0.tgz}
    name: js-tokens
    version: 4.0.0
    dev: false

  registry.npmmirror.com/loose-envify/1.4.0:
    resolution: {integrity: sha512-lyuxPGr/Wfhrlem2CL/UcnUc1zcqKAImBDzukY7Y5F/yQiNdko6+fRLevlw1HgMySw7f611UIY408EtxRSoK3Q==, registry: https://registry.npm.taobao.org/, tarball: https://registry.npmmirror.com/loose-envify/-/loose-envify-1.4.0.tgz}
    name: loose-envify
    version: 1.4.0
    hasBin: true
    dependencies:
      js-tokens: registry.npmmirror.com/js-tokens/4.0.0
    dev: false

  registry.npmmirror.com/nanoid/3.3.6:
    resolution: {integrity: sha512-BGcqMMJuToF7i1rt+2PWSNVnWIkGCU78jBG3RxO/bZlnZPK2Cmi2QaffxGO/2RvWi9sL+FAiRiXMgsyxQ1DIDA==, registry: https://registry.npm.taobao.org/, tarball: https://registry.npmmirror.com/nanoid/-/nanoid-3.3.6.tgz}
    name: nanoid
    version: 3.3.6
    engines: {node: ^10 || ^12 || ^13.7 || ^14 || >=15.0.1}
    hasBin: true
    dev: false

  registry.npmmirror.com/next/13.5.3_biqbaboplfbrettd7655fr4n2y:
    resolution: {integrity: sha512-4Nt4HRLYDW/yRpJ/QR2t1v63UOMS55A38dnWv3UDOWGezuY0ZyFO1ABNbD7mulVzs9qVhgy2+ppjdsANpKP1mg==, registry: https://registry.npm.taobao.org/, tarball: https://registry.npmmirror.com/next/-/next-13.5.3.tgz}
    id: registry.npmmirror.com/next/13.5.3
    name: next
    version: 13.5.3
    engines: {node: '>=16.14.0'}
    hasBin: true
    peerDependencies:
      '@opentelemetry/api': ^1.1.0
      react: ^18.2.0
      react-dom: ^18.2.0
      sass: ^1.3.0
    peerDependenciesMeta:
      '@opentelemetry/api':
        optional: true
      sass:
        optional: true
    dependencies:
      '@next/env': registry.npmmirror.com/@next/env/13.5.3
      '@swc/helpers': registry.npmmirror.com/@swc/helpers/0.5.2
      busboy: registry.npmmirror.com/busboy/1.6.0
      caniuse-lite: registry.npmmirror.com/caniuse-lite/1.0.30001540
      postcss: registry.npmmirror.com/postcss/8.4.14
      react: registry.npmmirror.com/react/18.2.0
      react-dom: registry.npmmirror.com/react-dom/18.2.0_react@18.2.0
      styled-jsx: registry.npmmirror.com/styled-jsx/5.1.1_react@18.2.0
      watchpack: registry.npmmirror.com/watchpack/2.4.0
      zod: registry.npmmirror.com/zod/3.21.4
    optionalDependencies:
      '@next/swc-darwin-arm64': registry.npmmirror.com/@next/swc-darwin-arm64/13.5.3
      '@next/swc-darwin-x64': registry.npmmirror.com/@next/swc-darwin-x64/13.5.3
      '@next/swc-linux-arm64-gnu': registry.npmmirror.com/@next/swc-linux-arm64-gnu/13.5.3
      '@next/swc-linux-arm64-musl': registry.npmmirror.com/@next/swc-linux-arm64-musl/13.5.3
      '@next/swc-linux-x64-gnu': registry.npmmirror.com/@next/swc-linux-x64-gnu/13.5.3
      '@next/swc-linux-x64-musl': registry.npmmirror.com/@next/swc-linux-x64-musl/13.5.3
      '@next/swc-win32-arm64-msvc': registry.npmmirror.com/@next/swc-win32-arm64-msvc/13.5.3
      '@next/swc-win32-ia32-msvc': registry.npmmirror.com/@next/swc-win32-ia32-msvc/13.5.3
      '@next/swc-win32-x64-msvc': registry.npmmirror.com/@next/swc-win32-x64-msvc/13.5.3
    transitivePeerDependencies:
      - '@babel/core'
      - babel-plugin-macros
    dev: false

  registry.npmmirror.com/picocolors/1.0.0:
    resolution: {integrity: sha512-1fygroTLlHu66zi26VoTDv8yRgm0Fccecssto+MhsZ0D/DGW2sm8E8AjW7NU5VVTRt5GxbeZ5qBuJr+HyLYkjQ==, registry: https://registry.npm.taobao.org/, tarball: https://registry.npmmirror.com/picocolors/-/picocolors-1.0.0.tgz}
    name: picocolors
    version: 1.0.0
    dev: false

  registry.npmmirror.com/postcss/8.4.14:
    resolution: {integrity: sha512-E398TUmfAYFPBSdzgeieK2Y1+1cpdxJx8yXbK/m57nRhKSmk1GB2tO4lbLBtlkfPQTDKfe4Xqv1ASWPpayPEig==, registry: https://registry.npm.taobao.org/, tarball: https://registry.npmmirror.com/postcss/-/postcss-8.4.14.tgz}
    name: postcss
    version: 8.4.14
    engines: {node: ^10 || ^12 || >=14}
    dependencies:
      nanoid: registry.npmmirror.com/nanoid/3.3.6
      picocolors: registry.npmmirror.com/picocolors/1.0.0
      source-map-js: registry.npmmirror.com/source-map-js/1.0.2
    dev: false

  registry.npmmirror.com/react-dom/18.2.0_react@18.2.0:
    resolution: {integrity: sha512-6IMTriUmvsjHUjNtEDudZfuDQUoWXVxKHhlEGSk81n4YFS+r/Kl99wXiwlVXtPBtJenozv2P+hxDsw9eA7Xo6g==, registry: https://registry.npm.taobao.org/, tarball: https://registry.npmmirror.com/react-dom/-/react-dom-18.2.0.tgz}
    id: registry.npmmirror.com/react-dom/18.2.0
    name: react-dom
    version: 18.2.0
    peerDependencies:
      react: ^18.2.0
    dependencies:
      loose-envify: registry.npmmirror.com/loose-envify/1.4.0
      react: registry.npmmirror.com/react/18.2.0
      scheduler: registry.npmmirror.com/scheduler/0.23.0
    dev: false

  registry.npmmirror.com/react/18.2.0:
    resolution: {integrity: sha512-/3IjMdb2L9QbBdWiW5e3P2/npwMBaU9mHCSCUzNln0ZCYbcfTsGbTJrU/kGemdH2IWmB2ioZ+zkxtmq6g09fGQ==, registry: https://registry.npm.taobao.org/, tarball: https://registry.npmmirror.com/react/-/react-18.2.0.tgz}
    name: react
    version: 18.2.0
    engines: {node: '>=0.10.0'}
    dependencies:
      loose-envify: registry.npmmirror.com/loose-envify/1.4.0
    dev: false

  registry.npmmirror.com/scheduler/0.23.0:
    resolution: {integrity: sha512-CtuThmgHNg7zIZWAXi3AsyIzA3n4xx7aNyjwC2VJldO2LMVDhFK+63xGqq6CsJH4rTAt6/M+N4GhZiDYPx9eUw==, registry: https://registry.npm.taobao.org/, tarball: https://registry.npmmirror.com/scheduler/-/scheduler-0.23.0.tgz}
    name: scheduler
    version: 0.23.0
    dependencies:
      loose-envify: registry.npmmirror.com/loose-envify/1.4.0
    dev: false

  registry.npmmirror.com/source-map-js/1.0.2:
    resolution: {integrity: sha512-R0XvVJ9WusLiqTCEiGCmICCMplcCkIwwR11mOSD9CR5u+IXYdiseeEuXCVAjS54zqwkLcPNnmU4OeJ6tUrWhDw==, registry: https://registry.npm.taobao.org/, tarball: https://registry.npmmirror.com/source-map-js/-/source-map-js-1.0.2.tgz}
    name: source-map-js
    version: 1.0.2
    engines: {node: '>=0.10.0'}
    dev: false

  registry.npmmirror.com/streamsearch/1.1.0:
    resolution: {integrity: sha512-Mcc5wHehp9aXz1ax6bZUyY5afg9u2rv5cqQI3mRrYkGC8rW2hM02jWuwjtL++LS5qinSyhj2QfLyNsuc+VsExg==, registry: https://registry.npm.taobao.org/, tarball: https://registry.npmmirror.com/streamsearch/-/streamsearch-1.1.0.tgz}
    name: streamsearch
    version: 1.1.0
    engines: {node: '>=10.0.0'}
    dev: false

  registry.npmmirror.com/styled-jsx/5.1.1_react@18.2.0:
    resolution: {integrity: sha512-pW7uC1l4mBZ8ugbiZrcIsiIvVx1UmTfw7UkC3Um2tmfUq9Bhk8IiyEIPl6F8agHgjzku6j0xQEZbfA5uSgSaCw==, registry: https://registry.npm.taobao.org/, tarball: https://registry.npmmirror.com/styled-jsx/-/styled-jsx-5.1.1.tgz}
    id: registry.npmmirror.com/styled-jsx/5.1.1
    name: styled-jsx
    version: 5.1.1
    engines: {node: '>= 12.0.0'}
    peerDependencies:
      '@babel/core': '*'
      babel-plugin-macros: '*'
      react: '>= 16.8.0 || 17.x.x || ^18.0.0-0'
    peerDependenciesMeta:
      '@babel/core':
        optional: true
      babel-plugin-macros:
        optional: true
    dependencies:
      client-only: registry.npmmirror.com/client-only/0.0.1
      react: registry.npmmirror.com/react/18.2.0
    dev: false

  registry.npmmirror.com/tslib/2.6.2:
    resolution: {integrity: sha512-AEYxH93jGFPn/a2iVAwW87VuUIkR1FVUKB77NwMF7nBTDkDrrT/Hpt/IrCJ0QXhW27jTBDcf5ZY7w6RiqTMw2Q==, registry: https://registry.npm.taobao.org/, tarball: https://registry.npmmirror.com/tslib/-/tslib-2.6.2.tgz}
    name: tslib
    version: 2.6.2
    dev: false

  registry.npmmirror.com/typescript/5.2.2:
    resolution: {integrity: sha512-mI4WrpHsbCIcwT9cF4FZvr80QUeKvsUsUvKDoR+X/7XHQH98xYD8YHZg7ANtz2GtZt/CBq2QJ0thkGJMHfqc1w==, registry: https://registry.npm.taobao.org/, tarball: https://registry.npmmirror.com/typescript/-/typescript-5.2.2.tgz}
    name: typescript
    version: 5.2.2
    engines: {node: '>=14.17'}
    hasBin: true
    dev: true

  registry.npmmirror.com/watchpack/2.4.0:
    resolution: {integrity: sha512-Lcvm7MGST/4fup+ifyKi2hjyIAwcdI4HRgtvTpIUxBRhB+RFtUh8XtDOxUfctVCnhVi+QQj49i91OyvzkJl6cg==, registry: https://registry.npm.taobao.org/, tarball: https://registry.npmmirror.com/watchpack/-/watchpack-2.4.0.tgz}
    name: watchpack
    version: 2.4.0
    engines: {node: '>=10.13.0'}
    dependencies:
      glob-to-regexp: registry.npmmirror.com/glob-to-regexp/0.4.1
      graceful-fs: registry.npmmirror.com/graceful-fs/4.2.11
    dev: false

  registry.npmmirror.com/zod/3.21.4:
    resolution: {integrity: sha512-m46AKbrzKVzOzs/DZgVnG5H55N1sv1M8qZU3A8RIKbs3mrACDNeIOeilDymVb2HdmP8uwshOCF4uJ8uM9rCqJw==, registry: https://registry.npm.taobao.org/, tarball: https://registry.npmmirror.com/zod/-/zod-3.21.4.tgz}
    name: zod
    version: 3.21.4
    dev: false
